// !$*UTF8*$!
{
	archiveVersion = 1;
	classes = {
	};
	objectVersion = 50;
	objects = {

/* Begin PBXBuildFile section */
		0022992825E4A19000E18705 /* AppDelegate.swift in Sources */ = {isa = PBXBuildFile; fileRef = 0022992725E4A19000E18705 /* AppDelegate.swift */; };
		0022992A25E4A19000E18705 /* SceneDelegate.swift in Sources */ = {isa = PBXBuildFile; fileRef = 0022992925E4A19000E18705 /* SceneDelegate.swift */; };
		0022992C25E4A19000E18705 /* ViewController.swift in Sources */ = {isa = PBXBuildFile; fileRef = 0022992B25E4A19000E18705 /* ViewController.swift */; };
		0022992F25E4A19000E18705 /* Main.storyboard in Resources */ = {isa = PBXBuildFile; fileRef = 0022992D25E4A19000E18705 /* Main.storyboard */; };
		0022993425E4A19F00E18705 /* LaunchScreen.storyboard in Resources */ = {isa = PBXBuildFile; fileRef = 0022993225E4A19F00E18705 /* LaunchScreen.storyboard */; };
		0022993D25E4AF0D00E18705 /* ResTableViewController.swift in Sources */ = {isa = PBXBuildFile; fileRef = 0022993C25E4AF0D00E18705 /* ResTableViewController.swift */; };
		0022994025E4B60000E18705 /* ResTableViewCell.swift in Sources */ = {isa = PBXBuildFile; fileRef = 0022993F25E4B60000E18705 /* ResTableViewCell.swift */; };
		0022994325E4B9A500E18705 /* UrlRequestTask.swift in Sources */ = {isa = PBXBuildFile; fileRef = 0022994225E4B9A500E18705 /* UrlRequestTask.swift */; };
		0022994625E4BE4800E18705 /* DownloadData.swift in Sources */ = {isa = PBXBuildFile; fileRef = 0022994525E4BE4800E18705 /* DownloadData.swift */; };
		0022994925E4BF3000E18705 /* UpdataItem.swift in Sources */ = {isa = PBXBuildFile; fileRef = 0022994825E4BF3000E18705 /* UpdataItem.swift */; };
		0089BBB0261461250021336C /* OtherFunc.swift in Sources */ = {isa = PBXBuildFile; fileRef = 0089BBAF261461250021336C /* OtherFunc.swift */; };
		0089BBBB261C20980021336C /* Assets.xcassets in Resources */ = {isa = PBXBuildFile; fileRef = 0089BBBA261C20980021336C /* Assets.xcassets */; };
		00E36DBE25F5EE0C009DAC6F /* ReviseTVCell.swift in Sources */ = {isa = PBXBuildFile; fileRef = 00E36DBD25F5EE0C009DAC6F /* ReviseTVCell.swift */; };
		00E36DC525F60757009DAC6F /* ReviseVController.swift in Sources */ = {isa = PBXBuildFile; fileRef = 00E36DC425F60757009DAC6F /* ReviseVController.swift */; };
/* End PBXBuildFile section */

/* Begin PBXFileReference section */
		0022992425E4A19000E18705 /* smallEcsape0223.app */ = {isa = PBXFileReference; explicitFileType = wrapper.application; includeInIndex = 0; path = smallEcsape0223.app; sourceTree = BUILT_PRODUCTS_DIR; };
		0022992725E4A19000E18705 /* AppDelegate.swift */ = {isa = PBXFileReference; lastKnownFileType = sourcecode.swift; path = AppDelegate.swift; sourceTree = "<group>"; };
		0022992925E4A19000E18705 /* SceneDelegate.swift */ = {isa = PBXFileReference; lastKnownFileType = sourcecode.swift; path = SceneDelegate.swift; sourceTree = "<group>"; };
		0022992B25E4A19000E18705 /* ViewController.swift */ = {isa = PBXFileReference; lastKnownFileType = sourcecode.swift; path = ViewController.swift; sourceTree = "<group>"; };
		0022992E25E4A19000E18705 /* Base */ = {isa = PBXFileReference; lastKnownFileType = file.storyboard; name = Base; path = Base.lproj/Main.storyboard; sourceTree = "<group>"; };
		0022993325E4A19F00E18705 /* Base */ = {isa = PBXFileReference; lastKnownFileType = file.storyboard; name = Base; path = Base.lproj/LaunchScreen.storyboard; sourceTree = "<group>"; };
		0022993525E4A19F00E18705 /* Info.plist */ = {isa = PBXFileReference; lastKnownFileType = text.plist.xml; path = Info.plist; sourceTree = "<group>"; };
		0022993C25E4AF0D00E18705 /* ResTableViewController.swift */ = {isa = PBXFileReference; lastKnownFileType = sourcecode.swift; path = ResTableViewController.swift; sourceTree = "<group>"; };
		0022993F25E4B60000E18705 /* ResTableViewCell.swift */ = {isa = PBXFileReference; lastKnownFileType = sourcecode.swift; path = ResTableViewCell.swift; sourceTree = "<group>"; };
		0022994225E4B9A500E18705 /* UrlRequestTask.swift */ = {isa = PBXFileReference; lastKnownFileType = sourcecode.swift; path = UrlRequestTask.swift; sourceTree = "<group>"; };
		0022994525E4BE4800E18705 /* DownloadData.swift */ = {isa = PBXFileReference; lastKnownFileType = sourcecode.swift; path = DownloadData.swift; sourceTree = "<group>"; };
		0022994825E4BF3000E18705 /* UpdataItem.swift */ = {isa = PBXFileReference; lastKnownFileType = sourcecode.swift; path = UpdataItem.swift; sourceTree = "<group>"; };
		0089BBAF261461250021336C /* OtherFunc.swift */ = {isa = PBXFileReference; lastKnownFileType = sourcecode.swift; path = OtherFunc.swift; sourceTree = "<group>"; };
		0089BBBA261C20980021336C /* Assets.xcassets */ = {isa = PBXFileReference; lastKnownFileType = folder.assetcatalog; path = Assets.xcassets; sourceTree = "<group>"; };
		00E36DBD25F5EE0C009DAC6F /* ReviseTVCell.swift */ = {isa = PBXFileReference; lastKnownFileType = sourcecode.swift; path = ReviseTVCell.swift; sourceTree = "<group>"; };
		00E36DC425F60757009DAC6F /* ReviseVController.swift */ = {isa = PBXFileReference; lastKnownFileType = sourcecode.swift; path = ReviseVController.swift; sourceTree = "<group>"; };
/* End PBXFileReference section */

/* Begin PBXFrameworksBuildPhase section */
		0022992125E4A19000E18705 /* Frameworks */ = {
			isa = PBXFrameworksBuildPhase;
			buildActionMask = 2147483647;
			files = (
			);
			runOnlyForDeploymentPostprocessing = 0;
		};
/* End PBXFrameworksBuildPhase section */

/* Begin PBXGroup section */
		0022991B25E4A19000E18705 = {
			isa = PBXGroup;
			children = (
				0022992525E4A19000E18705 /* Products */,
				0022992625E4A19000E18705 /* smallEcsape0223 */,
			);
			sourceTree = "<group>";
		};
		0022992525E4A19000E18705 /* Products */ = {
			isa = PBXGroup;
			children = (
				0022992425E4A19000E18705 /* smallEcsape0223.app */,
			);
			name = Products;
			sourceTree = "<group>";
		};
		0022992625E4A19000E18705 /* smallEcsape0223 */ = {
			isa = PBXGroup;
			children = (
				0022992725E4A19000E18705 /* AppDelegate.swift */,
				0022992925E4A19000E18705 /* SceneDelegate.swift */,
				0022992B25E4A19000E18705 /* ViewController.swift */,
				0022992D25E4A19000E18705 /* Main.storyboard */,
				0022994F25E6295800E18705 /* Model */,
				0022994E25E6294D00E18705 /* View */,
				0022994D25E6293E00E18705 /* ViewController */,
				0022993225E4A19F00E18705 /* LaunchScreen.storyboard */,
				0022993525E4A19F00E18705 /* Info.plist */,
				0089BBBA261C20980021336C /* Assets.xcassets */,
			);
			path = smallEcsape0223;
			sourceTree = "<group>";
		};
		0022994D25E6293E00E18705 /* ViewController */ = {
			isa = PBXGroup;
			children = (
				00E36DC425F60757009DAC6F /* ReviseVController.swift */,
				0022993C25E4AF0D00E18705 /* ResTableViewController.swift */,
			);
			path = ViewController;
			sourceTree = "<group>";
		};
		0022994E25E6294D00E18705 /* View */ = {
			isa = PBXGroup;
			children = (
				00E36DBD25F5EE0C009DAC6F /* ReviseTVCell.swift */,
				0022993F25E4B60000E18705 /* ResTableViewCell.swift */,
			);
			path = View;
			sourceTree = "<group>";
		};
		0022994F25E6295800E18705 /* Model */ = {
			isa = PBXGroup;
			children = (
				0089BBAF261461250021336C /* OtherFunc.swift */,
				0022994225E4B9A500E18705 /* UrlRequestTask.swift */,
				0022994525E4BE4800E18705 /* DownloadData.swift */,
				0022994825E4BF3000E18705 /* UpdataItem.swift */,
			);
			path = Model;
			sourceTree = "<group>";
		};
/* End PBXGroup section */

/* Begin PBXNativeTarget section */
		0022992325E4A19000E18705 /* smallEcsape0223 */ = {
			isa = PBXNativeTarget;
			buildConfigurationList = 0022993825E4A19F00E18705 /* Build configuration list for PBXNativeTarget "smallEcsape0223" */;
			buildPhases = (
				0022992025E4A19000E18705 /* Sources */,
				0022992125E4A19000E18705 /* Frameworks */,
				0022992225E4A19000E18705 /* Resources */,
			);
			buildRules = (
			);
			dependencies = (
			);
			name = smallEcsape0223;
			productName = smallEcsape0223;
			productReference = 0022992425E4A19000E18705 /* smallEcsape0223.app */;
			productType = "com.apple.product-type.application";
		};
/* End PBXNativeTarget section */

/* Begin PBXProject section */
		0022991C25E4A19000E18705 /* Project object */ = {
			isa = PBXProject;
			attributes = {
				LastSwiftUpdateCheck = 1240;
				LastUpgradeCheck = 1240;
				TargetAttributes = {
					0022992325E4A19000E18705 = {
						CreatedOnToolsVersion = 12.4;
					};
				};
			};
			buildConfigurationList = 0022991F25E4A19000E18705 /* Build configuration list for PBXProject "smallEcsape0223" */;
			compatibilityVersion = "Xcode 9.3";
			developmentRegion = en;
			hasScannedForEncodings = 0;
			knownRegions = (
				en,
				Base,
			);
			mainGroup = 0022991B25E4A19000E18705;
			productRefGroup = 0022992525E4A19000E18705 /* Products */;
			projectDirPath = "";
			projectRoot = "";
			targets = (
				0022992325E4A19000E18705 /* smallEcsape0223 */,
			);
		};
/* End PBXProject section */

/* Begin PBXResourcesBuildPhase section */
		0022992225E4A19000E18705 /* Resources */ = {
			isa = PBXResourcesBuildPhase;
			buildActionMask = 2147483647;
			files = (
				0022993425E4A19F00E18705 /* LaunchScreen.storyboard in Resources */,
				0089BBBB261C20980021336C /* Assets.xcassets in Resources */,
				0022992F25E4A19000E18705 /* Main.storyboard in Resources */,
			);
			runOnlyForDeploymentPostprocessing = 0;
		};
/* End PBXResourcesBuildPhase section */

/* Begin PBXSourcesBuildPhase section */
		0022992025E4A19000E18705 /* Sources */ = {
			isa = PBXSourcesBuildPhase;
			buildActionMask = 2147483647;
			files = (
				0089BBB0261461250021336C /* OtherFunc.swift in Sources */,
				0022994625E4BE4800E18705 /* DownloadData.swift in Sources */,
				0022994025E4B60000E18705 /* ResTableViewCell.swift in Sources */,
				0022994325E4B9A500E18705 /* UrlRequestTask.swift in Sources */,
				0022993D25E4AF0D00E18705 /* ResTableViewController.swift in Sources */,
				0022992C25E4A19000E18705 /* ViewController.swift in Sources */,
				0022992825E4A19000E18705 /* AppDelegate.swift in Sources */,
				00E36DC525F60757009DAC6F /* ReviseVController.swift in Sources */,
				00E36DBE25F5EE0C009DAC6F /* ReviseTVCell.swift in Sources */,
				0022994925E4BF3000E18705 /* UpdataItem.swift in Sources */,
				0022992A25E4A19000E18705 /* SceneDelegate.swift in Sources */,
			);
			runOnlyForDeploymentPostprocessing = 0;
		};
/* End PBXSourcesBuildPhase section */

/* Begin PBXVariantGroup section */
		0022992D25E4A19000E18705 /* Main.storyboard */ = {
			isa = PBXVariantGroup;
			children = (
				0022992E25E4A19000E18705 /* Base */,
			);
			name = Main.storyboard;
			sourceTree = "<group>";
		};
		0022993225E4A19F00E18705 /* LaunchScreen.storyboard */ = {
			isa = PBXVariantGroup;
			children = (
				0022993325E4A19F00E18705 /* Base */,
			);
			name = LaunchScreen.storyboard;
			sourceTree = "<group>";
		};
/* End PBXVariantGroup section */

/* Begin XCBuildConfiguration section */
		0022993625E4A19F00E18705 /* Debug */ = {
			isa = XCBuildConfiguration;
			buildSettings = {
				ALWAYS_SEARCH_USER_PATHS = NO;
				CLANG_ANALYZER_NONNULL = YES;
				CLANG_ANALYZER_NUMBER_OBJECT_CONVERSION = YES_AGGRESSIVE;
				CLANG_CXX_LANGUAGE_STANDARD = "gnu++14";
				CLANG_CXX_LIBRARY = "libc++";
				CLANG_ENABLE_MODULES = YES;
				CLANG_ENABLE_OBJC_ARC = YES;
				CLANG_ENABLE_OBJC_WEAK = YES;
				CLANG_WARN_BLOCK_CAPTURE_AUTORELEASING = YES;
				CLANG_WARN_BOOL_CONVERSION = YES;
				CLANG_WARN_COMMA = YES;
				CLANG_WARN_CONSTANT_CONVERSION = YES;
				CLANG_WARN_DEPRECATED_OBJC_IMPLEMENTATIONS = YES;
				CLANG_WARN_DIRECT_OBJC_ISA_USAGE = YES_ERROR;
				CLANG_WARN_DOCUMENTATION_COMMENTS = YES;
				CLANG_WARN_EMPTY_BODY = YES;
				CLANG_WARN_ENUM_CONVERSION = YES;
				CLANG_WARN_INFINITE_RECURSION = YES;
				CLANG_WARN_INT_CONVERSION = YES;
				CLANG_WARN_NON_LITERAL_NULL_CONVERSION = YES;
				CLANG_WARN_OBJC_IMPLICIT_RETAIN_SELF = YES;
				CLANG_WARN_OBJC_LITERAL_CONVERSION = YES;
				CLANG_WARN_OBJC_ROOT_CLASS = YES_ERROR;
				CLANG_WARN_QUOTED_INCLUDE_IN_FRAMEWORK_HEADER = YES;
				CLANG_WARN_RANGE_LOOP_ANALYSIS = YES;
				CLANG_WARN_STRICT_PROTOTYPES = YES;
				CLANG_WARN_SUSPICIOUS_MOVE = YES;
				CLANG_WARN_UNGUARDED_AVAILABILITY = YES_AGGRESSIVE;
				CLANG_WARN_UNREACHABLE_CODE = YES;
				CLANG_WARN__DUPLICATE_METHOD_MATCH = YES;
				COPY_PHASE_STRIP = NO;
				DEBUG_INFORMATION_FORMAT = dwarf;
				ENABLE_STRICT_OBJC_MSGSEND = YES;
				ENABLE_TESTABILITY = YES;
				GCC_C_LANGUAGE_STANDARD = gnu11;
				GCC_DYNAMIC_NO_PIC = NO;
				GCC_NO_COMMON_BLOCKS = YES;
				GCC_OPTIMIZATION_LEVEL = 0;
				GCC_PREPROCESSOR_DEFINITIONS = (
					"DEBUG=1",
					"$(inherited)",
				);
				GCC_WARN_64_TO_32_BIT_CONVERSION = YES;
				GCC_WARN_ABOUT_RETURN_TYPE = YES_ERROR;
				GCC_WARN_UNDECLARED_SELECTOR = YES;
				GCC_WARN_UNINITIALIZED_AUTOS = YES_AGGRESSIVE;
				GCC_WARN_UNUSED_FUNCTION = YES;
				GCC_WARN_UNUSED_VARIABLE = YES;
				IPHONEOS_DEPLOYMENT_TARGET = 14.4;
				MTL_ENABLE_DEBUG_INFO = INCLUDE_SOURCE;
				MTL_FAST_MATH = YES;
				ONLY_ACTIVE_ARCH = YES;
				SDKROOT = iphoneos;
				SWIFT_ACTIVE_COMPILATION_CONDITIONS = DEBUG;
				SWIFT_OPTIMIZATION_LEVEL = "-Onone";
			};
			name = Debug;
		};
		0022993725E4A19F00E18705 /* Release */ = {
			isa = XCBuildConfiguration;
			buildSettings = {
				ALWAYS_SEARCH_USER_PATHS = NO;
				CLANG_ANALYZER_NONNULL = YES;
				CLANG_ANALYZER_NUMBER_OBJECT_CONVERSION = YES_AGGRESSIVE;
				CLANG_CXX_LANGUAGE_STANDARD = "gnu++14";
				CLANG_CXX_LIBRARY = "libc++";
				CLANG_ENABLE_MODULES = YES;
				CLANG_ENABLE_OBJC_ARC = YES;
				CLANG_ENABLE_OBJC_WEAK = YES;
				CLANG_WARN_BLOCK_CAPTURE_AUTORELEASING = YES;
				CLANG_WARN_BOOL_CONVERSION = YES;
				CLANG_WARN_COMMA = YES;
				CLANG_WARN_CONSTANT_CONVERSION = YES;
				CLANG_WARN_DEPRECATED_OBJC_IMPLEMENTATIONS = YES;
				CLANG_WARN_DIRECT_OBJC_ISA_USAGE = YES_ERROR;
				CLANG_WARN_DOCUMENTATION_COMMENTS = YES;
				CLANG_WARN_EMPTY_BODY = YES;
				CLANG_WARN_ENUM_CONVERSION = YES;
				CLANG_WARN_INFINITE_RECURSION = YES;
				CLANG_WARN_INT_CONVERSION = YES;
				CLANG_WARN_NON_LITERAL_NULL_CONVERSION = YES;
				CLANG_WARN_OBJC_IMPLICIT_RETAIN_SELF = YES;
				CLANG_WARN_OBJC_LITERAL_CONVERSION = YES;
				CLANG_WARN_OBJC_ROOT_CLASS = YES_ERROR;
				CLANG_WARN_QUOTED_INCLUDE_IN_FRAMEWORK_HEADER = YES;
				CLANG_WARN_RANGE_LOOP_ANALYSIS = YES;
				CLANG_WARN_STRICT_PROTOTYPES = YES;
				CLANG_WARN_SUSPICIOUS_MOVE = YES;
				CLANG_WARN_UNGUARDED_AVAILABILITY = YES_AGGRESSIVE;
				CLANG_WARN_UNREACHABLE_CODE = YES;
				CLANG_WARN__DUPLICATE_METHOD_MATCH = YES;
				COPY_PHASE_STRIP = NO;
				DEBUG_INFORMATION_FORMAT = "dwarf-with-dsym";
				ENABLE_NS_ASSERTIONS = NO;
				ENABLE_STRICT_OBJC_MSGSEND = YES;
				GCC_C_LANGUAGE_STANDARD = gnu11;
				GCC_NO_COMMON_BLOCKS = YES;
				GCC_WARN_64_TO_32_BIT_CONVERSION = YES;
				GCC_WARN_ABOUT_RETURN_TYPE = YES_ERROR;
				GCC_WARN_UNDECLARED_SELECTOR = YES;
				GCC_WARN_UNINITIALIZED_AUTOS = YES_AGGRESSIVE;
				GCC_WARN_UNUSED_FUNCTION = YES;
				GCC_WARN_UNUSED_VARIABLE = YES;
				IPHONEOS_DEPLOYMENT_TARGET = 14.4;
				MTL_ENABLE_DEBUG_INFO = NO;
				MTL_FAST_MATH = YES;
				SDKROOT = iphoneos;
				SWIFT_COMPILATION_MODE = wholemodule;
				SWIFT_OPTIMIZATION_LEVEL = "-O";
				VALIDATE_PRODUCT = YES;
			};
			name = Release;
		};
		0022993925E4A19F00E18705 /* Debug */ = {
			isa = XCBuildConfiguration;
			buildSettings = {
				ASSETCATALOG_COMPILER_APPICON_NAME = AppIcon;
				ASSETCATALOG_COMPILER_GLOBAL_ACCENT_COLOR_NAME = AccentColor;
				CODE_SIGN_STYLE = Automatic;
				DEVELOPMENT_TEAM = M2MF9LH58A;
				INFOPLIST_FILE = smallEcsape0223/Info.plist;
				LD_RUNPATH_SEARCH_PATHS = (
					"$(inherited)",
					"@executable_path/Frameworks",
				);
				PRODUCT_BUNDLE_IDENTIFIER = "com.Lydia-LL.smallEcsape0223";
				PRODUCT_NAME = "$(TARGET_NAME)";
				SWIFT_VERSION = 5.0;
				TARGETED_DEVICE_FAMILY = "1,2";
			};
			name = Debug;
		};
		0022993A25E4A19F00E18705 /* Release */ = {
			isa = XCBuildConfiguration;
			buildSettings = {
				ASSETCATALOG_COMPILER_APPICON_NAME = AppIcon;
				ASSETCATALOG_COMPILER_GLOBAL_ACCENT_COLOR_NAME = AccentColor;
				CODE_SIGN_STYLE = Automatic;
				DEVELOPMENT_TEAM = M2MF9LH58A;
				INFOPLIST_FILE = smallEcsape0223/Info.plist;
				LD_RUNPATH_SEARCH_PATHS = (
					"$(inherited)",
					"@executable_path/Frameworks",
				);
				PRODUCT_BUNDLE_IDENTIFIER = "com.Lydia-LL.smallEcsape0223";
				PRODUCT_NAME = "$(TARGET_NAME)";
				SWIFT_VERSION = 5.0;
				TARGETED_DEVICE_FAMILY = "1,2";
			};
			name = Release;
		};
/* End XCBuildConfiguration section */

/* Begin XCConfigurationList section */
		0022991F25E4A19000E18705 /* Build configuration list for PBXProject "smallEcsape0223" */ = {
			isa = XCConfigurationList;
			buildConfigurations = (
				0022993625E4A19F00E18705 /* Debug */,
				0022993725E4A19F00E18705 /* Release */,
			);
			defaultConfigurationIsVisible = 0;
			defaultConfigurationName = Release;
		};
		0022993825E4A19F00E18705 /* Build configuration list for PBXNativeTarget "smallEcsape0223" */ = {
			isa = XCConfigurationList;
			buildConfigurations = (
				0022993925E4A19F00E18705 /* Debug */,
				0022993A25E4A19F00E18705 /* Release */,
			);
			defaultConfigurationIsVisible = 0;
			defaultConfigurationName = Release;
		};
/* End XCConfigurationList section */
	};
	rootObject = 0022991C25E4A19000E18705 /* Project object */;
}
